// !$*UTF8*$!
{
	archiveVersion = 1;
	classes = {
	};
	objectVersion = 46;
	objects = {

/* Begin PBXBuildFile section */
		56261CB41BA6CFCE000DF15C /* main.m in Sources */ = {isa = PBXBuildFile; fileRef = 56261CB31BA6CFCE000DF15C /* main.m */; };
		56261CB71BA6CFCE000DF15C /* AppDelegate.m in Sources */ = {isa = PBXBuildFile; fileRef = 56261CB61BA6CFCE000DF15C /* AppDelegate.m */; };
		56261CBA1BA6CFCE000DF15C /* DiscoveringViewController.m in Sources */ = {isa = PBXBuildFile; fileRef = 56261CB91BA6CFCE000DF15C /* DiscoveringViewController.m */; };
		56261CBD1BA6CFCE000DF15C /* Main.storyboard in Resources */ = {isa = PBXBuildFile; fileRef = 56261CBB1BA6CFCE000DF15C /* Main.storyboard */; };
		56261CBF1BA6CFCE000DF15C /* Assets.xcassets in Resources */ = {isa = PBXBuildFile; fileRef = 56261CBE1BA6CFCE000DF15C /* Assets.xcassets */; };
		56261CC21BA6CFCE000DF15C /* LaunchScreen.storyboard in Resources */ = {isa = PBXBuildFile; fileRef = 56261CC01BA6CFCE000DF15C /* LaunchScreen.storyboard */; };
		56261CCB1BA6D079000DF15C /* ConnectingViewController.m in Sources */ = {isa = PBXBuildFile; fileRef = 56261CCA1BA6D079000DF15C /* ConnectingViewController.m */; };
		56C7AB391BA70F20009B7A5D /* MiBandDevice.m in Sources */ = {isa = PBXBuildFile; fileRef = 56C7AB381BA70F20009B7A5D /* MiBandDevice.m */; };
/* End PBXBuildFile section */

/* Begin PBXFileReference section */
		56261CAF1BA6CFCE000DF15C /* bluetooth-discovering.app */ = {isa = PBXFileReference; explicitFileType = wrapper.application; includeInIndex = 0; path = "bluetooth-discovering.app"; sourceTree = BUILT_PRODUCTS_DIR; };
		56261CB31BA6CFCE000DF15C /* main.m */ = {isa = PBXFileReference; lastKnownFileType = sourcecode.c.objc; path = main.m; sourceTree = "<group>"; };
		56261CB51BA6CFCE000DF15C /* AppDelegate.h */ = {isa = PBXFileReference; lastKnownFileType = sourcecode.c.h; path = AppDelegate.h; sourceTree = "<group>"; };
		56261CB61BA6CFCE000DF15C /* AppDelegate.m */ = {isa = PBXFileReference; lastKnownFileType = sourcecode.c.objc; path = AppDelegate.m; sourceTree = "<group>"; };
		56261CB81BA6CFCE000DF15C /* DiscoveringViewController.h */ = {isa = PBXFileReference; lastKnownFileType = sourcecode.c.h; path = DiscoveringViewController.h; sourceTree = "<group>"; };
		56261CB91BA6CFCE000DF15C /* DiscoveringViewController.m */ = {isa = PBXFileReference; lastKnownFileType = sourcecode.c.objc; path = DiscoveringViewController.m; sourceTree = "<group>"; };
		56261CBC1BA6CFCE000DF15C /* Base */ = {isa = PBXFileReference; lastKnownFileType = file.storyboard; name = Base; path = Base.lproj/Main.storyboard; sourceTree = "<group>"; };
		56261CBE1BA6CFCE000DF15C /* Assets.xcassets */ = {isa = PBXFileReference; lastKnownFileType = folder.assetcatalog; path = Assets.xcassets; sourceTree = "<group>"; };
		56261CC11BA6CFCE000DF15C /* Base */ = {isa = PBXFileReference; lastKnownFileType = file.storyboard; name = Base; path = Base.lproj/LaunchScreen.storyboard; sourceTree = "<group>"; };
		56261CC31BA6CFCE000DF15C /* Info.plist */ = {isa = PBXFileReference; lastKnownFileType = text.plist.xml; path = Info.plist; sourceTree = "<group>"; };
		56261CC91BA6D079000DF15C /* ConnectingViewController.h */ = {isa = PBXFileReference; fileEncoding = 4; lastKnownFileType = sourcecode.c.h; path = ConnectingViewController.h; sourceTree = "<group>"; };
		56261CCA1BA6D079000DF15C /* ConnectingViewController.m */ = {isa = PBXFileReference; fileEncoding = 4; lastKnownFileType = sourcecode.c.objc; path = ConnectingViewController.m; sourceTree = "<group>"; };
		56C7AB371BA70F20009B7A5D /* MiBandDevice.h */ = {isa = PBXFileReference; fileEncoding = 4; lastKnownFileType = sourcecode.c.h; path = MiBandDevice.h; sourceTree = "<group>"; };
		56C7AB381BA70F20009B7A5D /* MiBandDevice.m */ = {isa = PBXFileReference; fileEncoding = 4; lastKnownFileType = sourcecode.c.objc; path = MiBandDevice.m; sourceTree = "<group>"; };
		56C7AB3A1BA70FCC009B7A5D /* BluetoothDevice.h */ = {isa = PBXFileReference; fileEncoding = 4; lastKnownFileType = sourcecode.c.h; path = BluetoothDevice.h; sourceTree = "<group>"; };
/* End PBXFileReference section */

/* Begin PBXFrameworksBuildPhase section */
		56261CAC1BA6CFCE000DF15C /* Frameworks */ = {
			isa = PBXFrameworksBuildPhase;
			buildActionMask = 2147483647;
			files = (
			);
			runOnlyForDeploymentPostprocessing = 0;
		};
/* End PBXFrameworksBuildPhase section */

/* Begin PBXGroup section */
		56261CA61BA6CFCE000DF15C = {
			isa = PBXGroup;
			children = (
				56261CB11BA6CFCE000DF15C /* bluetooth-discovering */,
				56261CB01BA6CFCE000DF15C /* Products */,
			);
			sourceTree = "<group>";
		};
		56261CB01BA6CFCE000DF15C /* Products */ = {
			isa = PBXGroup;
			children = (
				56261CAF1BA6CFCE000DF15C /* bluetooth-discovering.app */,
			);
			name = Products;
			sourceTree = "<group>";
		};
		56261CB11BA6CFCE000DF15C /* bluetooth-discovering */ = {
			isa = PBXGroup;
			children = (
				56261CB51BA6CFCE000DF15C /* AppDelegate.h */,
				56261CB61BA6CFCE000DF15C /* AppDelegate.m */,
				56261CB81BA6CFCE000DF15C /* DiscoveringViewController.h */,
				56261CB91BA6CFCE000DF15C /* DiscoveringViewController.m */,
				56261CC91BA6D079000DF15C /* ConnectingViewController.h */,
				56261CCA1BA6D079000DF15C /* ConnectingViewController.m */,
				56261CBB1BA6CFCE000DF15C /* Main.storyboard */,
				56261CBE1BA6CFCE000DF15C /* Assets.xcassets */,
				56261CC01BA6CFCE000DF15C /* LaunchScreen.storyboard */,
				56261CC31BA6CFCE000DF15C /* Info.plist */,
				56261CB21BA6CFCE000DF15C /* Supporting Files */,
				56C7AB371BA70F20009B7A5D /* MiBandDevice.h */,
				56C7AB381BA70F20009B7A5D /* MiBandDevice.m */,
				56C7AB3A1BA70FCC009B7A5D /* BluetoothDevice.h */,
			);
			path = "bluetooth-discovering";
			sourceTree = "<group>";
		};
		56261CB21BA6CFCE000DF15C /* Supporting Files */ = {
			isa = PBXGroup;
			children = (
				56261CB31BA6CFCE000DF15C /* main.m */,
			);
			name = "Supporting Files";
			sourceTree = "<group>";
		};
/* End PBXGroup section */

/* Begin PBXNativeTarget section */
		56261CAE1BA6CFCE000DF15C /* bluetooth-discovering */ = {
			isa = PBXNativeTarget;
			buildConfigurationList = 56261CC61BA6CFCE000DF15C /* Build configuration list for PBXNativeTarget "bluetooth-discovering" */;
			buildPhases = (
				56261CAB1BA6CFCE000DF15C /* Sources */,
				56261CAC1BA6CFCE000DF15C /* Frameworks */,
				56261CAD1BA6CFCE000DF15C /* Resources */,
			);
			buildRules = (
			);
			dependencies = (
			);
			name = "bluetooth-discovering";
			productName = "bluetooth-discovering";
			productReference = 56261CAF1BA6CFCE000DF15C /* bluetooth-discovering.app */;
			productType = "com.apple.product-type.application";
		};
/* End PBXNativeTarget section */

/* Begin PBXProject section */
		56261CA71BA6CFCE000DF15C /* Project object */ = {
			isa = PBXProject;
			attributes = {
				LastUpgradeCheck = 0700;
				ORGANIZATIONNAME = "*instinctools";
				TargetAttributes = {
					56261CAE1BA6CFCE000DF15C = {
						CreatedOnToolsVersion = 7.0;
					};
				};
			};
			buildConfigurationList = 56261CAA1BA6CFCE000DF15C /* Build configuration list for PBXProject "bluetooth-discovering" */;
			compatibilityVersion = "Xcode 3.2";
			developmentRegion = English;
			hasScannedForEncodings = 0;
			knownRegions = (
				en,
				Base,
			);
			mainGroup = 56261CA61BA6CFCE000DF15C;
			productRefGroup = 56261CB01BA6CFCE000DF15C /* Products */;
			projectDirPath = "";
			projectRoot = "";
			targets = (
				56261CAE1BA6CFCE000DF15C /* bluetooth-discovering */,
			);
		};
/* End PBXProject section */

/* Begin PBXResourcesBuildPhase section */
		56261CAD1BA6CFCE000DF15C /* Resources */ = {
			isa = PBXResourcesBuildPhase;
			buildActionMask = 2147483647;
			files = (
				56261CC21BA6CFCE000DF15C /* LaunchScreen.storyboard in Resources */,
				56261CBF1BA6CFCE000DF15C /* Assets.xcassets in Resources */,
				56261CBD1BA6CFCE000DF15C /* Main.storyboard in Resources */,
			);
			runOnlyForDeploymentPostprocessing = 0;
		};
/* End PBXResourcesBuildPhase section */

/* Begin PBXSourcesBuildPhase section */
		56261CAB1BA6CFCE000DF15C /* Sources */ = {
			isa = PBXSourcesBuildPhase;
			buildActionMask = 2147483647;
			files = (
				56C7AB391BA70F20009B7A5D /* MiBandDevice.m in Sources */,
				56261CBA1BA6CFCE000DF15C /* DiscoveringViewController.m in Sources */,
				56261CB71BA6CFCE000DF15C /* AppDelegate.m in Sources */,
				56261CCB1BA6D079000DF15C /* ConnectingViewController.m in Sources */,
				56261CB41BA6CFCE000DF15C /* main.m in Sources */,
			);
			runOnlyForDeploymentPostprocessing = 0;
		};
/* End PBXSourcesBuildPhase section */

/* Begin PBXVariantGroup section */
		56261CBB1BA6CFCE000DF15C /* Main.storyboard */ = {
			isa = PBXVariantGroup;
			children = (
				56261CBC1BA6CFCE000DF15C /* Base */,
			);
			name = Main.storyboard;
			sourceTree = "<group>";
		};
		56261CC01BA6CFCE000DF15C /* LaunchScreen.storyboard */ = {
			isa = PBXVariantGroup;
			children = (
				56261CC11BA6CFCE000DF15C /* Base */,
			);
			name = LaunchScreen.storyboard;
			sourceTree = "<group>";
		};
/* End PBXVariantGroup section */

/* Begin XCBuildConfiguration section */
		56261CC41BA6CFCE000DF15C /* Debug */ = {
			isa = XCBuildConfiguration;
			buildSettings = {
				ALWAYS_SEARCH_USER_PATHS = NO;
				CLANG_CXX_LANGUAGE_STANDARD = "gnu++0x";
				CLANG_CXX_LIBRARY = "libc++";
				CLANG_ENABLE_MODULES = YES;
				CLANG_ENABLE_OBJC_ARC = YES;
				CLANG_WARN_BOOL_CONVERSION = YES;
				CLANG_WARN_CONSTANT_CONVERSION = YES;
				CLANG_WARN_DIRECT_OBJC_ISA_USAGE = YES_ERROR;
				CLANG_WARN_EMPTY_BODY = YES;
				CLANG_WARN_ENUM_CONVERSION = YES;
				CLANG_WARN_INT_CONVERSION = YES;
				CLANG_WARN_OBJC_ROOT_CLASS = YES_ERROR;
				CLANG_WARN_UNREACHABLE_CODE = YES;
				CLANG_WARN__DUPLICATE_METHOD_MATCH = YES;
				"CODE_SIGN_IDENTITY[sdk=iphoneos*]" = "iPhone Developer";
				COPY_PHASE_STRIP = NO;
				DEBUG_INFORMATION_FORMAT = dwarf;
				ENABLE_STRICT_OBJC_MSGSEND = YES;
				ENABLE_TESTABILITY = YES;
				GCC_C_LANGUAGE_STANDARD = gnu99;
				GCC_DYNAMIC_NO_PIC = NO;
				GCC_NO_COMMON_BLOCKS = YES;
				GCC_OPTIMIZATION_LEVEL = 0;
				GCC_PREPROCESSOR_DEFINITIONS = (
					"DEBUG=1",
					"$(inherited)",
				);
				GCC_WARN_64_TO_32_BIT_CONVERSION = YES;
				GCC_WARN_ABOUT_RETURN_TYPE = YES_ERROR;
				GCC_WARN_UNDECLARED_SELECTOR = YES;
				GCC_WARN_UNINITIALIZED_AUTOS = YES_AGGRESSIVE;
				GCC_WARN_UNUSED_FUNCTION = YES;
				GCC_WARN_UNUSED_VARIABLE = YES;
				IPHONEOS_DEPLOYMENT_TARGET = 9.0;
				MTL_ENABLE_DEBUG_INFO = YES;
				ONLY_ACTIVE_ARCH = YES;
				SDKROOT = iphoneos;
			};
			name = Debug;
		};
		56261CC51BA6CFCE000DF15C /* Release */ = {
			isa = XCBuildConfiguration;
			buildSettings = {
				ALWAYS_SEARCH_USER_PATHS = NO;
				CLANG_CXX_LANGUAGE_STANDARD = "gnu++0x";
				CLANG_CXX_LIBRARY = "libc++";
				CLANG_ENABLE_MODULES = YES;
				CLANG_ENABLE_OBJC_ARC = YES;
				CLANG_WARN_BOOL_CONVERSION = YES;
				CLANG_WARN_CONSTANT_CONVERSION = YES;
				CLANG_WARN_DIRECT_OBJC_ISA_USAGE = YES_ERROR;
				CLANG_WARN_EMPTY_BODY = YES;
				CLANG_WARN_ENUM_CONVERSION = YES;
				CLANG_WARN_INT_CONVERSION = YES;
				CLANG_WARN_OBJC_ROOT_CLASS = YES_ERROR;
				CLANG_WARN_UNREACHABLE_CODE = YES;
				CLANG_WARN__DUPLICATE_METHOD_MATCH = YES;
				"CODE_SIGN_IDENTITY[sdk=iphoneos*]" = "iPhone Developer";
				COPY_PHASE_STRIP = NO;
				DEBUG_INFORMATION_FORMAT = "dwarf-with-dsym";
				ENABLE_NS_ASSERTIONS = NO;
				ENABLE_STRICT_OBJC_MSGSEND = YES;
				GCC_C_LANGUAGE_STANDARD = gnu99;
				GCC_NO_COMMON_BLOCKS = YES;
				GCC_WARN_64_TO_32_BIT_CONVERSION = YES;
				GCC_WARN_ABOUT_RETURN_TYPE = YES_ERROR;
				GCC_WARN_UNDECLARED_SELECTOR = YES;
				GCC_WARN_UNINITIALIZED_AUTOS = YES_AGGRESSIVE;
				GCC_WARN_UNUSED_FUNCTION = YES;
				GCC_WARN_UNUSED_VARIABLE = YES;
				IPHONEOS_DEPLOYMENT_TARGET = 9.0;
				MTL_ENABLE_DEBUG_INFO = NO;
				SDKROOT = iphoneos;
				VALIDATE_PRODUCT = YES;
			};
			name = Release;
		};
		56261CC71BA6CFCE000DF15C /* Debug */ = {
			isa = XCBuildConfiguration;
			buildSettings = {
				ASSETCATALOG_COMPILER_APPICON_NAME = AppIcon;
				INFOPLIST_FILE = "bluetooth-discovering/Info.plist";
				IPHONEOS_DEPLOYMENT_TARGET = 8.4;
				LD_RUNPATH_SEARCH_PATHS = "$(inherited) @executable_path/Frameworks";
				PRODUCT_BUNDLE_IDENTIFIER = "com.instinctools.bluetooth-discovering";
				PRODUCT_NAME = "$(TARGET_NAME)";
			};
			name = Debug;
		};
		56261CC81BA6CFCE000DF15C /* Release */ = {
			isa = XCBuildConfiguration;
			buildSettings = {
				ASSETCATALOG_COMPILER_APPICON_NAME = AppIcon;
				INFOPLIST_FILE = "bluetooth-discovering/Info.plist";
				IPHONEOS_DEPLOYMENT_TARGET = 8.4;
				LD_RUNPATH_SEARCH_PATHS = "$(inherited) @executable_path/Frameworks";
				PRODUCT_BUNDLE_IDENTIFIER = "com.instinctools.bluetooth-discovering";
				PRODUCT_NAME = "$(TARGET_NAME)";
			};
			name = Release;
		};
/* End XCBuildConfiguration section */

/* Begin XCConfigurationList section */
		56261CAA1BA6CFCE000DF15C /* Build configuration list for PBXProject "bluetooth-discovering" */ = {
			isa = XCConfigurationList;
			buildConfigurations = (
				56261CC41BA6CFCE000DF15C /* Debug */,
				56261CC51BA6CFCE000DF15C /* Release */,
			);
			defaultConfigurationIsVisible = 0;
			defaultConfigurationName = Release;
		};
		56261CC61BA6CFCE000DF15C /* Build configuration list for PBXNativeTarget "bluetooth-discovering" */ = {
			isa = XCConfigurationList;
			buildConfigurations = (
				56261CC71BA6CFCE000DF15C /* Debug */,
				56261CC81BA6CFCE000DF15C /* Release */,
			);
			defaultConfigurationIsVisible = 0;
			defaultConfigurationName = Release;
		};
/* End XCConfigurationList section */
	};
	rootObject = 56261CA71BA6CFCE000DF15C /* Project object */;
}
